// !$*UTF8*$!
{
	archiveVersion = 1;
	classes = {
	};
	objectVersion = 50;
	objects = {

/* Begin PBXBuildFile section */
		049ECC4C25348634001FCCAB /* AppDelegate.swift in Sources */ = {isa = PBXBuildFile; fileRef = 049ECC4B25348634001FCCAB /* AppDelegate.swift */; };
		049ECC4E25348634001FCCAB /* SceneDelegate.swift in Sources */ = {isa = PBXBuildFile; fileRef = 049ECC4D25348634001FCCAB /* SceneDelegate.swift */; };
		049ECC5025348634001FCCAB /* ViewController.swift in Sources */ = {isa = PBXBuildFile; fileRef = 049ECC4F25348634001FCCAB /* ViewController.swift */; };
		049ECC5325348634001FCCAB /* Main.storyboard in Resources */ = {isa = PBXBuildFile; fileRef = 049ECC5125348634001FCCAB /* Main.storyboard */; };
		049ECC5525348636001FCCAB /* Assets.xcassets in Resources */ = {isa = PBXBuildFile; fileRef = 049ECC5425348636001FCCAB /* Assets.xcassets */; };
		049ECC5825348636001FCCAB /* LaunchScreen.storyboard in Resources */ = {isa = PBXBuildFile; fileRef = 049ECC5625348636001FCCAB /* LaunchScreen.storyboard */; };
		049ECC7125348868001FCCAB /* CollectionViewCell.swift in Sources */ = {isa = PBXBuildFile; fileRef = 049ECC6F25348868001FCCAB /* CollectionViewCell.swift */; };
		049ECC7225348868001FCCAB /* CollectionViewCell.xib in Resources */ = {isa = PBXBuildFile; fileRef = 049ECC7025348868001FCCAB /* CollectionViewCell.xib */; };
		049ECCD625372CEB001FCCAB /* VerticalCell.swift in Sources */ = {isa = PBXBuildFile; fileRef = 049ECCD525372CEB001FCCAB /* VerticalCell.swift */; };
		049ECCD825372D55001FCCAB /* HorizontalCell.swift in Sources */ = {isa = PBXBuildFile; fileRef = 049ECCD725372D55001FCCAB /* HorizontalCell.swift */; };
/* End PBXBuildFile section */

/* Begin PBXFileReference section */
		049ECC4825348634001FCCAB /* tableviewInsideCollectionView.app */ = {isa = PBXFileReference; explicitFileType = wrapper.application; includeInIndex = 0; path = tableviewInsideCollectionView.app; sourceTree = BUILT_PRODUCTS_DIR; };
		049ECC4B25348634001FCCAB /* AppDelegate.swift */ = {isa = PBXFileReference; lastKnownFileType = sourcecode.swift; path = AppDelegate.swift; sourceTree = "<group>"; };
		049ECC4D25348634001FCCAB /* SceneDelegate.swift */ = {isa = PBXFileReference; lastKnownFileType = sourcecode.swift; path = SceneDelegate.swift; sourceTree = "<group>"; };
		049ECC4F25348634001FCCAB /* ViewController.swift */ = {isa = PBXFileReference; lastKnownFileType = sourcecode.swift; path = ViewController.swift; sourceTree = "<group>"; };
		049ECC5225348634001FCCAB /* Base */ = {isa = PBXFileReference; lastKnownFileType = file.storyboard; name = Base; path = Base.lproj/Main.storyboard; sourceTree = "<group>"; };
		049ECC5425348636001FCCAB /* Assets.xcassets */ = {isa = PBXFileReference; lastKnownFileType = folder.assetcatalog; path = Assets.xcassets; sourceTree = "<group>"; };
		049ECC5725348636001FCCAB /* Base */ = {isa = PBXFileReference; lastKnownFileType = file.storyboard; name = Base; path = Base.lproj/LaunchScreen.storyboard; sourceTree = "<group>"; };
		049ECC5925348636001FCCAB /* Info.plist */ = {isa = PBXFileReference; lastKnownFileType = text.plist.xml; path = Info.plist; sourceTree = "<group>"; };
		049ECC6F25348868001FCCAB /* CollectionViewCell.swift */ = {isa = PBXFileReference; lastKnownFileType = sourcecode.swift; path = CollectionViewCell.swift; sourceTree = "<group>"; };
		049ECC7025348868001FCCAB /* CollectionViewCell.xib */ = {isa = PBXFileReference; lastKnownFileType = file.xib; path = CollectionViewCell.xib; sourceTree = "<group>"; };
		049ECCD525372CEB001FCCAB /* VerticalCell.swift */ = {isa = PBXFileReference; lastKnownFileType = sourcecode.swift; path = VerticalCell.swift; sourceTree = "<group>"; };
		049ECCD725372D55001FCCAB /* HorizontalCell.swift */ = {isa = PBXFileReference; lastKnownFileType = sourcecode.swift; path = HorizontalCell.swift; sourceTree = "<group>"; };
/* End PBXFileReference section */

/* Begin PBXFrameworksBuildPhase section */
		049ECC4525348634001FCCAB /* Frameworks */ = {
			isa = PBXFrameworksBuildPhase;
			buildActionMask = 2147483647;
			files = (
			);
			runOnlyForDeploymentPostprocessing = 0;
		};
/* End PBXFrameworksBuildPhase section */

/* Begin PBXGroup section */
		049ECC3F25348634001FCCAB = {
			isa = PBXGroup;
			children = (
				049ECC4A25348634001FCCAB /* tableviewInsideCollectionView */,
				049ECC4925348634001FCCAB /* Products */,
			);
			sourceTree = "<group>";
		};
		049ECC4925348634001FCCAB /* Products */ = {
			isa = PBXGroup;
			children = (
				049ECC4825348634001FCCAB /* tableviewInsideCollectionView.app */,
			);
			name = Products;
			sourceTree = "<group>";
		};
		049ECC4A25348634001FCCAB /* tableviewInsideCollectionView */ = {
			isa = PBXGroup;
			children = (
				049ECC4B25348634001FCCAB /* AppDelegate.swift */,
				049ECC4D25348634001FCCAB /* SceneDelegate.swift */,
				049ECC4F25348634001FCCAB /* ViewController.swift */,
				049ECC5125348634001FCCAB /* Main.storyboard */,
				049ECC5425348636001FCCAB /* Assets.xcassets */,
				049ECC5625348636001FCCAB /* LaunchScreen.storyboard */,
				049ECC5925348636001FCCAB /* Info.plist */,
				049ECCD525372CEB001FCCAB /* VerticalCell.swift */,
				049ECCD725372D55001FCCAB /* HorizontalCell.swift */,
				049ECC6F25348868001FCCAB /* CollectionViewCell.swift */,
				049ECC7025348868001FCCAB /* CollectionViewCell.xib */,
			);
			path = tableviewInsideCollectionView;
			sourceTree = "<group>";
		};
/* End PBXGroup section */

/* Begin PBXNativeTarget section */
		049ECC4725348634001FCCAB /* tableviewInsideCollectionView */ = {
			isa = PBXNativeTarget;
			buildConfigurationList = 049ECC5C25348636001FCCAB /* Build configuration list for PBXNativeTarget "tableviewInsideCollectionView" */;
			buildPhases = (
				049ECC4425348634001FCCAB /* Sources */,
				049ECC4525348634001FCCAB /* Frameworks */,
				049ECC4625348634001FCCAB /* Resources */,
			);
			buildRules = (
			);
			dependencies = (
			);
			name = tableviewInsideCollectionView;
			productName = tableviewInsideCollectionView;
			productReference = 049ECC4825348634001FCCAB /* tableviewInsideCollectionView.app */;
			productType = "com.apple.product-type.application";
		};
/* End PBXNativeTarget section */

/* Begin PBXProject section */
		049ECC4025348634001FCCAB /* Project object */ = {
			isa = PBXProject;
			attributes = {
				LastSwiftUpdateCheck = 1130;
				LastUpgradeCheck = 1130;
				ORGANIZATIONNAME = Monofiyat;
				TargetAttributes = {
					049ECC4725348634001FCCAB = {
						CreatedOnToolsVersion = 11.3;
					};
				};
			};
			buildConfigurationList = 049ECC4325348634001FCCAB /* Build configuration list for PBXProject "tableviewInsideCollectionView" */;
			compatibilityVersion = "Xcode 9.3";
			developmentRegion = en;
			hasScannedForEncodings = 0;
			knownRegions = (
				en,
				Base,
			);
			mainGroup = 049ECC3F25348634001FCCAB;
			productRefGroup = 049ECC4925348634001FCCAB /* Products */;
			projectDirPath = "";
			projectRoot = "";
			targets = (
				049ECC4725348634001FCCAB /* tableviewInsideCollectionView */,
			);
		};
/* End PBXProject section */

/* Begin PBXResourcesBuildPhase section */
		049ECC4625348634001FCCAB /* Resources */ = {
			isa = PBXResourcesBuildPhase;
			buildActionMask = 2147483647;
			files = (
				049ECC5825348636001FCCAB /* LaunchScreen.storyboard in Resources */,
				049ECC7225348868001FCCAB /* CollectionViewCell.xib in Resources */,
				049ECC5525348636001FCCAB /* Assets.xcassets in Resources */,
				049ECC5325348634001FCCAB /* Main.storyboard in Resources */,
			);
			runOnlyForDeploymentPostprocessing = 0;
		};
/* End PBXResourcesBuildPhase section */

/* Begin PBXSourcesBuildPhase section */
		049ECC4425348634001FCCAB /* Sources */ = {
			isa = PBXSourcesBuildPhase;
			buildActionMask = 2147483647;
			files = (
				049ECC5025348634001FCCAB /* ViewController.swift in Sources */,
				049ECCD825372D55001FCCAB /* HorizontalCell.swift in Sources */,
				049ECC7125348868001FCCAB /* CollectionViewCell.swift in Sources */,
				049ECC4C25348634001FCCAB /* AppDelegate.swift in Sources */,
				049ECC4E25348634001FCCAB /* SceneDelegate.swift in Sources */,
				049ECCD625372CEB001FCCAB /* VerticalCell.swift in Sources */,
			);
			runOnlyForDeploymentPostprocessing = 0;
		};
/* End PBXSourcesBuildPhase section */

/* Begin PBXVariantGroup section */
		049ECC5125348634001FCCAB /* Main.storyboard */ = {
			isa = PBXVariantGroup;
			children = (
				049ECC5225348634001FCCAB /* Base */,
			);
			name = Main.storyboard;
			sourceTree = "<group>";
		};
		049ECC5625348636001FCCAB /* LaunchScreen.storyboard */ = {
			isa = PBXVariantGroup;
			children = (
				049ECC5725348636001FCCAB /* Base */,
			);
			name = LaunchScreen.storyboard;
			sourceTree = "<group>";
		};
/* End PBXVariantGroup section */

/* Begin XCBuildConfiguration section */
		049ECC5A25348636001FCCAB /* Debug */ = {
			isa = XCBuildConfiguration;
			buildSettings = {
				ALWAYS_SEARCH_USER_PATHS = NO;
				CLANG_ANALYZER_NONNULL = YES;
				CLANG_ANALYZER_NUMBER_OBJECT_CONVERSION = YES_AGGRESSIVE;
				CLANG_CXX_LANGUAGE_STANDARD = "gnu++14";
				CLANG_CXX_LIBRARY = "libc++";
				CLANG_ENABLE_MODULES = YES;
				CLANG_ENABLE_OBJC_ARC = YES;
				CLANG_ENABLE_OBJC_WEAK = YES;
				CLANG_WARN_BLOCK_CAPTURE_AUTORELEASING = YES;
				CLANG_WARN_BOOL_CONVERSION = YES;
				CLANG_WARN_COMMA = YES;
				CLANG_WARN_CONSTANT_CONVERSION = YES;
				CLANG_WARN_DEPRECATED_OBJC_IMPLEMENTATIONS = YES;
				CLANG_WARN_DIRECT_OBJC_ISA_USAGE = YES_ERROR;
				CLANG_WARN_DOCUMENTATION_COMMENTS = YES;
				CLANG_WARN_EMPTY_BODY = YES;
				CLANG_WARN_ENUM_CONVERSION = YES;
				CLANG_WARN_INFINITE_RECURSION = YES;
				CLANG_WARN_INT_CONVERSION = YES;
				CLANG_WARN_NON_LITERAL_NULL_CONVERSION = YES;
				CLANG_WARN_OBJC_IMPLICIT_RETAIN_SELF = YES;
				CLANG_WARN_OBJC_LITERAL_CONVERSION = YES;
				CLANG_WARN_OBJC_ROOT_CLASS = YES_ERROR;
				CLANG_WARN_RANGE_LOOP_ANALYSIS = YES;
				CLANG_WARN_STRICT_PROTOTYPES = YES;
				CLANG_WARN_SUSPICIOUS_MOVE = YES;
				CLANG_WARN_UNGUARDED_AVAILABILITY = YES_AGGRESSIVE;
				CLANG_WARN_UNREACHABLE_CODE = YES;
				CLANG_WARN__DUPLICATE_METHOD_MATCH = YES;
				COPY_PHASE_STRIP = NO;
				DEBUG_INFORMATION_FORMAT = dwarf;
				ENABLE_STRICT_OBJC_MSGSEND = YES;
				ENABLE_TESTABILITY = YES;
				GCC_C_LANGUAGE_STANDARD = gnu11;
				GCC_DYNAMIC_NO_PIC = NO;
				GCC_NO_COMMON_BLOCKS = YES;
				GCC_OPTIMIZATION_LEVEL = 0;
				GCC_PREPROCESSOR_DEFINITIONS = (
					"DEBUG=1",
					"$(inherited)",
				);
				GCC_WARN_64_TO_32_BIT_CONVERSION = YES;
				GCC_WARN_ABOUT_RETURN_TYPE = YES_ERROR;
				GCC_WARN_UNDECLARED_SELECTOR = YES;
				GCC_WARN_UNINITIALIZED_AUTOS = YES_AGGRESSIVE;
				GCC_WARN_UNUSED_FUNCTION = YES;
				GCC_WARN_UNUSED_VARIABLE = YES;
				IPHONEOS_DEPLOYMENT_TARGET = 13.2;
				MTL_ENABLE_DEBUG_INFO = INCLUDE_SOURCE;
				MTL_FAST_MATH = YES;
				ONLY_ACTIVE_ARCH = YES;
				SDKROOT = iphoneos;
				SWIFT_ACTIVE_COMPILATION_CONDITIONS = DEBUG;
				SWIFT_OPTIMIZATION_LEVEL = "-Onone";
			};
			name = Debug;
		};
		049ECC5B25348636001FCCAB /* Release */ = {
			isa = XCBuildConfiguration;
			buildSettings = {
				ALWAYS_SEARCH_USER_PATHS = NO;
				CLANG_ANALYZER_NONNULL = YES;
				CLANG_ANALYZER_NUMBER_OBJECT_CONVERSION = YES_AGGRESSIVE;
				CLANG_CXX_LANGUAGE_STANDARD = "gnu++14";
				CLANG_CXX_LIBRARY = "libc++";
				CLANG_ENABLE_MODULES = YES;
				CLANG_ENABLE_OBJC_ARC = YES;
				CLANG_ENABLE_OBJC_WEAK = YES;
				CLANG_WARN_BLOCK_CAPTURE_AUTORELEASING = YES;
				CLANG_WARN_BOOL_CONVERSION = YES;
				CLANG_WARN_COMMA = YES;
				CLANG_WARN_CONSTANT_CONVERSION = YES;
				CLANG_WARN_DEPRECATED_OBJC_IMPLEMENTATIONS = YES;
				CLANG_WARN_DIRECT_OBJC_ISA_USAGE = YES_ERROR;
				CLANG_WARN_DOCUMENTATION_COMMENTS = YES;
				CLANG_WARN_EMPTY_BODY = YES;
				CLANG_WARN_ENUM_CONVERSION = YES;
				CLANG_WARN_INFINITE_RECURSION = YES;
				CLANG_WARN_INT_CONVERSION = YES;
				CLANG_WARN_NON_LITERAL_NULL_CONVERSION = YES;
				CLANG_WARN_OBJC_IMPLICIT_RETAIN_SELF = YES;
				CLANG_WARN_OBJC_LITERAL_CONVERSION = YES;
				CLANG_WARN_OBJC_ROOT_CLASS = YES_ERROR;
				CLANG_WARN_RANGE_LOOP_ANALYSIS = YES;
				CLANG_WARN_STRICT_PROTOTYPES = YES;
				CLANG_WARN_SUSPICIOUS_MOVE = YES;
				CLANG_WARN_UNGUARDED_AVAILABILITY = YES_AGGRESSIVE;
				CLANG_WARN_UNREACHABLE_CODE = YES;
				CLANG_WARN__DUPLICATE_METHOD_MATCH = YES;
				COPY_PHASE_STRIP = NO;
				DEBUG_INFORMATION_FORMAT = "dwarf-with-dsym";
				ENABLE_NS_ASSERTIONS = NO;
				ENABLE_STRICT_OBJC_MSGSEND = YES;
				GCC_C_LANGUAGE_STANDARD = gnu11;
				GCC_NO_COMMON_BLOCKS = YES;
				GCC_WARN_64_TO_32_BIT_CONVERSION = YES;
				GCC_WARN_ABOUT_RETURN_TYPE = YES_ERROR;
				GCC_WARN_UNDECLARED_SELECTOR = YES;
				GCC_WARN_UNINITIALIZED_AUTOS = YES_AGGRESSIVE;
				GCC_WARN_UNUSED_FUNCTION = YES;
				GCC_WARN_UNUSED_VARIABLE = YES;
				IPHONEOS_DEPLOYMENT_TARGET = 13.2;
				MTL_ENABLE_DEBUG_INFO = NO;
				MTL_FAST_MATH = YES;
				SDKROOT = iphoneos;
				SWIFT_COMPILATION_MODE = wholemodule;
				SWIFT_OPTIMIZATION_LEVEL = "-O";
				VALIDATE_PRODUCT = YES;
			};
			name = Release;
		};
		049ECC5D25348636001FCCAB /* Debug */ = {
			isa = XCBuildConfiguration;
			buildSettings = {
				ASSETCATALOG_COMPILER_APPICON_NAME = AppIcon;
				CODE_SIGN_STYLE = Manual;
				DEVELOPMENT_TEAM = "";
				INFOPLIST_FILE = tableviewInsideCollectionView/Info.plist;
				LD_RUNPATH_SEARCH_PATHS = (
					"$(inherited)",
					"@executable_path/Frameworks",
				);
				PRODUCT_BUNDLE_IDENTIFIER = com.teaser.tableviewInsideCollectionView;
				PRODUCT_NAME = "$(TARGET_NAME)";
				PROVISIONING_PROFILE_SPECIFIER = "";
				SWIFT_VERSION = 5.0;
				TARGETED_DEVICE_FAMILY = "1,2";
			};
			name = Debug;
		};
		049ECC5E25348636001FCCAB /* Release */ = {
			isa = XCBuildConfiguration;
			buildSettings = {
				ASSETCATALOG_COMPILER_APPICON_NAME = AppIcon;
				CODE_SIGN_STYLE = Manual;
				DEVELOPMENT_TEAM = "";
				INFOPLIST_FILE = tableviewInsideCollectionView/Info.plist;
				LD_RUNPATH_SEARCH_PATHS = (
					"$(inherited)",
					"@executable_path/Frameworks",
				);
				PRODUCT_BUNDLE_IDENTIFIER = com.teaser.tableviewInsideCollectionView;
				PRODUCT_NAME = "$(TARGET_NAME)";
				PROVISIONING_PROFILE_SPECIFIER = "";
				SWIFT_VERSION = 5.0;
				TARGETED_DEVICE_FAMILY = "1,2";
			};
			name = Release;
		};
/* End XCBuildConfiguration section */

/* Begin XCConfigurationList section */
		049ECC4325348634001FCCAB /* Build configuration list for PBXProject "tableviewInsideCollectionView" */ = {
			isa = XCConfigurationList;
			buildConfigurations = (
				049ECC5A25348636001FCCAB /* Debug */,
				049ECC5B25348636001FCCAB /* Release */,
			);
			defaultConfigurationIsVisible = 0;
			defaultConfigurationName = Release;
		};
		049ECC5C25348636001FCCAB /* Build configuration list for PBXNativeTarget "tableviewInsideCollectionView" */ = {
			isa = XCConfigurationList;
			buildConfigurations = (
				049ECC5D25348636001FCCAB /* Debug */,
				049ECC5E25348636001FCCAB /* Release */,
			);
			defaultConfigurationIsVisible = 0;
			defaultConfigurationName = Release;
		};
/* End XCConfigurationList section */
	};
	rootObject = 049ECC4025348634001FCCAB /* Project object */;
}
